# THIS IS AN AUTOGENERATED FILE. DO NOT EDIT THIS FILE DIRECTLY.
# yarn lockfile v1


"@ant-design/colors@^7.0.0", "@ant-design/colors@^7.0.2":
  version "7.0.2"
  resolved "https://registry.npmmirror.com/@ant-design/colors/-/colors-7.0.2.tgz#c5c753a467ce8d86ba7ca4736d2c01f599bb5492"
  integrity sha512-7KJkhTiPiLHSu+LmMJnehfJ6242OCxSlR3xHVBecYxnMW8MS/878NXct1GqYARyL59fyeFdKRxXTfvR9SnDgJg==
  dependencies:
    "@ctrl/tinycolor" "^3.6.1"

"@ant-design/cssinjs@^1.19.1":
  version "1.20.0"
  resolved "https://registry.npmmirror.com/@ant-design/cssinjs/-/cssinjs-1.20.0.tgz#878bc6c5b08f73db76da54c347a7ebb3fa4858bb"
  integrity sha512-uG3iWzJxgNkADdZmc6W0Ci3iQAUOvLMcM8SnnmWq3r6JeocACft4ChnY/YWvI2Y+rG/68QBla/O+udke1yH3vg==
  dependencies:
    "@babel/runtime" "^7.11.1"
    "@emotion/hash" "^0.8.0"
    "@emotion/unitless" "^0.7.5"
    classnames "^2.3.1"
    csstype "^3.1.3"
    rc-util "^5.35.0"
    stylis "^4.0.13"

"@ant-design/icons-svg@^4.4.0":
  version "4.4.2"
  resolved "https://registry.npmmirror.com/@ant-design/icons-svg/-/icons-svg-4.4.2.tgz#ed2be7fb4d82ac7e1d45a54a5b06d6cecf8be6f6"
  integrity sha512-vHbT+zJEVzllwP+CM+ul7reTEfBR0vgxFe7+lREAsAA7YGsYpboiq2sQNeQeRvh09GfQgs/GyFEvZpJ9cLXpXA==

"@ant-design/icons@^5.3.7":
  version "5.3.7"
  resolved "https://registry.npmmirror.com/@ant-design/icons/-/icons-5.3.7.tgz#d9f3654bf7934ee5faba43f91b5a187f5309ec68"
  integrity sha512-bCPXTAg66f5bdccM4TT21SQBDO1Ek2gho9h3nO9DAKXJP4sq+5VBjrQMSxMVXSB3HyEz+cUbHQ5+6ogxCOpaew==
  dependencies:
    "@ant-design/colors" "^7.0.0"
    "@ant-design/icons-svg" "^4.4.0"
    "@babel/runtime" "^7.11.2"
    classnames "^2.2.6"
    rc-util "^5.31.1"

"@ant-design/react-slick@~1.1.2":
  version "1.1.2"
  resolved "https://registry.npmmirror.com/@ant-design/react-slick/-/react-slick-1.1.2.tgz#f84ce3e4d0dc941f02b16f1d1d6d7a371ffbb4f1"
  integrity sha512-EzlvzE6xQUBrZuuhSAFTdsr4P2bBBHGZwKFemEfq8gIGyIQCxalYfZW/T2ORbtQx5rU69o+WycP3exY/7T1hGA==
  dependencies:
    "@babel/runtime" "^7.10.4"
    classnames "^2.2.5"
    json2mq "^0.2.0"
    resize-observer-polyfill "^1.5.1"
    throttle-debounce "^5.0.0"

"@babel/runtime@^7.10.1", "@babel/runtime@^7.10.4", "@babel/runtime@^7.11.1", "@babel/runtime@^7.11.2", "@babel/runtime@^7.12.5", "@babel/runtime@^7.16.7", "@babel/runtime@^7.18.0", "@babel/runtime@^7.18.3", "@babel/runtime@^7.20.0", "@babel/runtime@^7.20.7", "@babel/runtime@^7.21.0", "@babel/runtime@^7.22.5", "@babel/runtime@^7.23.2", "@babel/runtime@^7.23.6", "@babel/runtime@^7.23.9", "@babel/runtime@^7.24.4", "@babel/runtime@^7.24.5":
  version "7.24.5"
  resolved "https://registry.npmmirror.com/@babel/runtime/-/runtime-7.24.5.tgz#230946857c053a36ccc66e1dd03b17dd0c4ed02c"
  integrity sha512-Nms86NXrsaeU9vbBJKni6gXiEXZ4CVpYVzEjDH9Sb8vmZ3UljyA1GSOJl/6LGPO8EHLuSF9H+IxNXHPX8QHJ4g==
  dependencies:
    regenerator-runtime "^0.14.0"

"@ctrl/tinycolor@^3.6.1":
  version "3.6.1"
  resolved "https://registry.npmmirror.com/@ctrl/tinycolor/-/tinycolor-3.6.1.tgz#b6c75a56a1947cc916ea058772d666a2c8932f31"
  integrity sha512-SITSV6aIXsuVNV3f3O0f2n/cgyEDWoSqtZMYiAmcsYHydcKrOz3gUxB/iXd/Qf08+IZX4KpgNbvUdMBmWz+kcA==

"@emotion/hash@^0.8.0":
  version "0.8.0"
  resolved "https://registry.npmmirror.com/@emotion/hash/-/hash-0.8.0.tgz#bbbff68978fefdbe68ccb533bc8cbe1d1afb5413"
  integrity sha512-kBJtf7PH6aWwZ6fka3zQ0p6SBYzx4fl1LoZXE2RrnYST9Xljm7WfKJrU4g/Xr3Beg72MLrp1AWNUmuYJTL7Cow==

"@emotion/unitless@^0.7.5":
  version "0.7.5"
  resolved "https://registry.npmmirror.com/@emotion/unitless/-/unitless-0.7.5.tgz#77211291c1900a700b8a78cfafda3160d76949ed"
  integrity sha512-OWORNpfjMsSSUBVrRBVGECkhWcULOAJz9ZW8uK9qgxD+87M7jHRcvh/A96XXNhXTLmKcoYSQtBEX7lHMO7YRwg==

"@rc-component/async-validator@^5.0.3":
  version "5.0.4"
  resolved "https://registry.npmmirror.com/@rc-component/async-validator/-/async-validator-5.0.4.tgz#5291ad92f00a14b6766fc81735c234277f83e948"
  integrity sha512-qgGdcVIF604M9EqjNF0hbUTz42bz/RDtxWdWuU5EQe3hi7M8ob54B6B35rOsvX5eSvIHIzT9iH1R3n+hk3CGfg==
  dependencies:
    "@babel/runtime" "^7.24.4"

"@rc-component/color-picker@~1.5.3":
  version "1.5.3"
  resolved "https://registry.npmmirror.com/@rc-component/color-picker/-/color-picker-1.5.3.tgz#f3b0e14bb67ec5ee77d1fd5d261f63dd4fd00449"
  integrity sha512-+tGGH3nLmYXTalVe0L8hSZNs73VTP5ueSHwUlDC77KKRaN7G4DS4wcpG5DTDzdcV/Yas+rzA6UGgIyzd8fS4cw==
  dependencies:
    "@babel/runtime" "^7.23.6"
    "@ctrl/tinycolor" "^3.6.1"
    classnames "^2.2.6"
    rc-util "^5.38.1"

"@rc-component/context@^1.4.0":
  version "1.4.0"
  resolved "https://registry.npmmirror.com/@rc-component/context/-/context-1.4.0.tgz#dc6fb021d6773546af8f016ae4ce9aea088395e8"
  integrity sha512-kFcNxg9oLRMoL3qki0OMxK+7g5mypjgaaJp/pkOis/6rVxma9nJBF/8kCIuTYHUQNr0ii7MxqE33wirPZLJQ2w==
  dependencies:
    "@babel/runtime" "^7.10.1"
    rc-util "^5.27.0"

"@rc-component/mini-decimal@^1.0.1":
  version "1.1.0"
  resolved "https://registry.npmmirror.com/@rc-component/mini-decimal/-/mini-decimal-1.1.0.tgz#7b7a362b14a0a54cb5bc6fd2b82731f29f11d9b0"
  integrity sha512-jS4E7T9Li2GuYwI6PyiVXmxTiM6b07rlD9Ge8uGZSCz3WlzcG5ZK7g5bbuKNeZ9pgUuPK/5guV781ujdVpm4HQ==
  dependencies:
    "@babel/runtime" "^7.18.0"

"@rc-component/mutate-observer@^1.1.0":
  version "1.1.0"
  resolved "https://registry.npmmirror.com/@rc-component/mutate-observer/-/mutate-observer-1.1.0.tgz#ee53cc88b78aade3cd0653609215a44779386fd8"
  integrity sha512-QjrOsDXQusNwGZPf4/qRQasg7UFEj06XiCJ8iuiq/Io7CrHrgVi6Uuetw60WAMG1799v+aM8kyc+1L/GBbHSlw==
  dependencies:
    "@babel/runtime" "^7.18.0"
    classnames "^2.3.2"
    rc-util "^5.24.4"

"@rc-component/portal@^1.0.0-8", "@rc-component/portal@^1.0.0-9", "@rc-component/portal@^1.0.2", "@rc-component/portal@^1.1.0", "@rc-component/portal@^1.1.1":
  version "1.1.2"
  resolved "https://registry.npmmirror.com/@rc-component/portal/-/portal-1.1.2.tgz#55db1e51d784e034442e9700536faaa6ab63fc71"
  integrity sha512-6f813C0IsasTZms08kfA8kPAGxbbkYToa8ALaiDIGGECU4i9hj8Plgbx0sNJDrey3EtHO30hmdaxtT0138xZcg==
  dependencies:
    "@babel/runtime" "^7.18.0"
    classnames "^2.3.2"
    rc-util "^5.24.4"

"@rc-component/tour@~1.15.0":
  version "1.15.0"
  resolved "https://registry.npmmirror.com/@rc-component/tour/-/tour-1.15.0.tgz#37a66ae5af8eefaf0ab0e22ddd8e6fecdbdc14a7"
  integrity sha512-h6hyILDwL+In9GAgRobwRWihLqqsD7Uft3fZGrJ7L4EiyCoxbnNYwzPXDfz7vNDhWeVyvAWQJj9fJCzpI4+b4g==
  dependencies:
    "@babel/runtime" "^7.18.0"
    "@rc-component/portal" "^1.0.0-9"
    "@rc-component/trigger" "^2.0.0"
    classnames "^2.3.2"
    rc-util "^5.24.4"

"@rc-component/trigger@^2.0.0", "@rc-component/trigger@^2.1.1":
  version "2.1.1"
  resolved "https://registry.npmmirror.com/@rc-component/trigger/-/trigger-2.1.1.tgz#47973f1156ba63810c913eb46cbaedeba913874b"
  integrity sha512-UjHkedkgtEcgQu87w1VuWug1idoDJV7VUt0swxHXRcmei2uu1AuUzGBPEUlmOmXGJ+YtTgZfVLi7kuAUKoZTMA==
  dependencies:
    "@babel/runtime" "^7.23.2"
    "@rc-component/portal" "^1.1.0"
    classnames "^2.3.2"
    rc-motion "^2.0.0"
    rc-resize-observer "^1.3.1"
    rc-util "^5.38.0"

"@types/debug@^4.1.0":
  version "4.1.12"
  resolved "https://registry.npmmirror.com/@types/debug/-/debug-4.1.12.tgz#a155f21690871953410df4b6b6f53187f0500917"
  integrity sha512-vIChWdVG3LG1SMxEvI/AK+FWJthlrqlTu7fbrlywTkkaONwk/UAGaULXRlf8vkzFBLVm0zkMdCquhL5aOjhXPQ==
  dependencies:
    "@types/ms" "*"

"@types/ms@*":
  version "0.7.34"
  resolved "https://registry.npmmirror.com/@types/ms/-/ms-0.7.34.tgz#10964ba0dee6ac4cd462e2795b6bebd407303433"
  integrity sha512-nG96G3Wp6acyAgJqGasjODb+acrI7KltPiRxzHPXnP3NgI28bpQDRv53olbqGXbfcgF5aiiHmO3xpwEpS5Ld9g==

agent-base@^7.1.1:
  version "7.1.1"
  resolved "https://registry.npmmirror.com/agent-base/-/agent-base-7.1.1.tgz#bdbded7dfb096b751a2a087eeeb9664725b2e317"
  integrity sha512-H0TSyFNDMomMNJQBn8wFV5YC/2eJ+VXECwOadZJT554xP6cODZHPX3H9QMQECxvrgiSOP1pHjy1sMWQVYJOUOA==
  dependencies:
    debug "^4.3.4"

antd@^5.14.2:
  version "5.17.3"
  resolved "https://registry.npmmirror.com/antd/-/antd-5.17.3.tgz#c969755335cdef6fa671152602b7100557bff80c"
  integrity sha512-U99hyy7t8dOQtNHzHifmwAXJLgmPMadavFBsd2mnfICD6m8l7u/NvCefRhd2jOf/SBNE2579YhwCEwTUiX2GnQ==
  dependencies:
    "@ant-design/colors" "^7.0.2"
    "@ant-design/cssinjs" "^1.19.1"
    "@ant-design/icons" "^5.3.7"
    "@ant-design/react-slick" "~1.1.2"
    "@babel/runtime" "^7.24.5"
    "@ctrl/tinycolor" "^3.6.1"
    "@rc-component/color-picker" "~1.5.3"
    "@rc-component/mutate-observer" "^1.1.0"
    "@rc-component/tour" "~1.15.0"
    "@rc-component/trigger" "^2.1.1"
    classnames "^2.5.1"
    copy-to-clipboard "^3.3.3"
    dayjs "^1.11.10"
    qrcode.react "^3.1.0"
    rc-cascader "~3.26.0"
    rc-checkbox "~3.3.0"
    rc-collapse "~3.7.3"
    rc-dialog "~9.4.0"
    rc-drawer "~7.1.0"
    rc-dropdown "~4.2.0"
    rc-field-form "~2.0.1"
    rc-image "~7.6.0"
    rc-input "~1.5.0"
    rc-input-number "~9.1.0"
    rc-mentions "~2.13.1"
    rc-menu "~9.14.0"
    rc-motion "^2.9.1"
    rc-notification "~5.4.0"
    rc-pagination "~4.0.4"
    rc-picker "~4.5.0"
    rc-progress "~4.0.0"
    rc-rate "~2.12.0"
    rc-resize-observer "^1.4.0"
    rc-segmented "~2.3.0"
    rc-select "~14.14.0"
    rc-slider "~10.6.2"
    rc-steps "~6.0.1"
    rc-switch "~4.1.0"
    rc-table "~7.45.6"
    rc-tabs "~15.1.0"
    rc-textarea "~1.7.0"
    rc-tooltip "~6.2.0"
    rc-tree "~5.8.7"
    rc-tree-select "~5.21.0"
    rc-upload "~4.5.2"
    rc-util "^5.40.1"
    scroll-into-view-if-needed "^3.1.0"
    throttle-debounce "^5.0.0"

arr-union@^3.1.0:
  version "3.1.0"
  resolved "https://registry.npmmirror.com/arr-union/-/arr-union-3.1.0.tgz#e39b09aea9def866a8f206e288af63919bae39c4"
  integrity sha512-sKpyeERZ02v1FeCZT8lrfJq5u6goHCtpTAzPwJYe7c8SPFOboNjNg1vz2L4VTn9T4PQxEx13TbXLmYUcS6Ug7Q==

array-tree-filter@^2.1.0:
  version "2.1.0"
  resolved "https://registry.npmmirror.com/array-tree-filter/-/array-tree-filter-2.1.0.tgz#873ac00fec83749f255ac8dd083814b4f6329190"
  integrity sha512-4ROwICNlNw/Hqa9v+rk5h22KjmzB1JGTMVKP2AKJBOCgb0yL0ASf0+YvCcLNNwquOHNX48jkeZIJ3a+oOQqKcw==

balanced-match@^1.0.0:
  version "1.0.2"
  resolved "https://registry.npmmirror.com/balanced-match/-/balanced-match-1.0.2.tgz#e83e3a7e3f300b34cb9d87f615fa0cbf357690ee"
  integrity sha512-3oSeUO0TMV67hN1AmbXsK4yaqU7tjiHlbxRDZOpH0KW9+CeX4bRAaX0Anxt0tx2MrpRpWwQaPwIlISEJhYU5Pw==

brace-expansion@^1.1.7:
  version "1.1.11"
  resolved "https://registry.npmmirror.com/brace-expansion/-/brace-expansion-1.1.11.tgz#3c7fcbf529d87226f3d2f52b966ff5271eb441dd"
  integrity sha512-iCuPHDFgrHX7H2vEI/5xpz07zSHB00TpugqhmYtVmMO6518mCuRMoOYFldEBl0g187ufozdaHgWKcYFb61qGiA==
  dependencies:
    balanced-match "^1.0.0"
    concat-map "0.0.1"

call-bind@^1.0.7:
  version "1.0.7"
  resolved "https://registry.npmmirror.com/call-bind/-/call-bind-1.0.7.tgz#06016599c40c56498c18769d2730be242b6fa3b9"
  integrity sha512-GHTSNSYICQ7scH7sZ+M2rFopRoLh8t2bLSW6BbgrtLsahOIB5iyAVJf9GjWK3cYTDaMj4XdBpM1cA6pIS0Kv2w==
  dependencies:
    es-define-property "^1.0.0"
    es-errors "^1.3.0"
    function-bind "^1.1.2"
    get-intrinsic "^1.2.4"
    set-function-length "^1.2.1"

classnames@2.x, classnames@^2.2.1, classnames@^2.2.3, classnames@^2.2.5, classnames@^2.2.6, classnames@^2.3.1, classnames@^2.3.2, classnames@^2.5.1:
  version "2.5.1"
  resolved "https://registry.npmmirror.com/classnames/-/classnames-2.5.1.tgz#ba774c614be0f016da105c858e7159eae8e7687b"
  integrity sha512-saHYOzhIQs6wy2sVxTM6bUDsQO4F50V9RQ22qBpEdCW+I+/Wmke2HOl6lS6dTpdxVhb88/I6+Hs+438c3lfUow==

clone-deep@^0.2.4:
  version "0.2.4"
  resolved "https://registry.npmmirror.com/clone-deep/-/clone-deep-0.2.4.tgz#4e73dd09e9fb971cc38670c5dced9c1896481cc6"
  integrity sha512-we+NuQo2DHhSl+DP6jlUiAhyAjBQrYnpOk15rN6c6JSPScjiCLh8IbSU+VTcph6YS3o7mASE8a0+gbZ7ChLpgg==
  dependencies:
    for-own "^0.1.3"
    is-plain-object "^2.0.1"
    kind-of "^3.0.2"
    lazy-cache "^1.0.3"
    shallow-clone "^0.1.2"

compute-scroll-into-view@^3.0.2:
  version "3.1.0"
  resolved "https://registry.npmmirror.com/compute-scroll-into-view/-/compute-scroll-into-view-3.1.0.tgz#753f11d972596558d8fe7c6bcbc8497690ab4c87"
  integrity sha512-rj8l8pD4bJ1nx+dAkMhV1xB5RuZEyVysfxJqB1pRchh1KVvwOv9b7CGB8ZfjTImVv2oF+sYMUkMZq6Na5Ftmbg==

concat-map@0.0.1:
  version "0.0.1"
  resolved "https://registry.npmmirror.com/concat-map/-/concat-map-0.0.1.tgz#d8a96bd77fd68df7793a73036a3ba0d5405d477b"
  integrity sha512-/Srv4dswyQNBfohGpz9o6Yb3Gz3SrUDqBH5rTuhGR7ahtlbYKnVxw2bCFMRljaA7EXHaXZ8wsHdodFvbkhKmqg==

copy-to-clipboard@^3.3.3:
  version "3.3.3"
  resolved "https://registry.npmmirror.com/copy-to-clipboard/-/copy-to-clipboard-3.3.3.tgz#55ac43a1db8ae639a4bd99511c148cdd1b83a1b0"
  integrity sha512-2KV8NhB5JqC3ky0r9PMCAZKbUHSwtEo4CwCs0KXgruG43gX5PMqDEBbVU4OUzw2MuAWUfsuFmWvEKG5QRfSnJA==
  dependencies:
    toggle-selection "^1.0.6"

csstype@^3.1.3:
  version "3.1.3"
  resolved "https://registry.npmmirror.com/csstype/-/csstype-3.1.3.tgz#d80ff294d114fb0e6ac500fbf85b60137d7eff81"
  integrity sha512-M1uQkMl8rQK/szD0LNhtqxIPLpimGm8sOBwU7lLnCpSbTyY3yeU1Vc7l4KT5zT4s/yOxHH5O7tIuuLOCnLADRw==

dayjs@^1.11.10:
  version "1.11.11"
  resolved "https://registry.npmmirror.com/dayjs/-/dayjs-1.11.11.tgz#dfe0e9d54c5f8b68ccf8ca5f72ac603e7e5ed59e"
  integrity sha512-okzr3f11N6WuqYtZSvm+F776mB41wRZMhKP+hc34YdW+KmtYYK9iqvHSwo2k9FEH3fhGXvOPV6yz2IcSrfRUDg==

debug@^4.1.1, debug@^4.3.4:
  version "4.3.4"
  resolved "https://registry.npmmirror.com/debug/-/debug-4.3.4.tgz#1319f6579357f2338d3337d2cdd4914bb5dcc865"
  integrity sha512-PRWFHuSU3eDtQJPvnNY7Jcket1j0t5OuOsFzPPzsekD52Zl8qUfFIPEiswXqIvHWGVHOgX+7G/vCNNhehwxfkQ==
  dependencies:
    ms "2.1.2"

deepmerge@^4.2.2:
  version "4.3.1"
  resolved "https://registry.npmmirror.com/deepmerge/-/deepmerge-4.3.1.tgz#44b5f2147cd3b00d4b56137685966f26fd25dd4a"
  integrity sha512-3sUqbMEc77XqpdNO7FRyRog+eW3ph+GYCbj+rK+uYyRMuwsVy0rMiVtPn+QJlKFvWP/1PYpapqYn0Me2knFn+A==

define-data-property@^1.1.4:
  version "1.1.4"
  resolved "https://registry.npmmirror.com/define-data-property/-/define-data-property-1.1.4.tgz#894dc141bb7d3060ae4366f6a0107e68fbe48c5e"
  integrity sha512-rBMvIzlpA8v6E+SJZoo++HAYqsLrkg7MSfIinMPFhmkorw7X+dOXVJQs+QT69zGkzMyfDnIMN2Wid1+NbL3T+A==
  dependencies:
    es-define-property "^1.0.0"
    es-errors "^1.3.0"
    gopd "^1.0.1"

es-define-property@^1.0.0:
  version "1.0.0"
  resolved "https://registry.npmmirror.com/es-define-property/-/es-define-property-1.0.0.tgz#c7faefbdff8b2696cf5f46921edfb77cc4ba3845"
  integrity sha512-jxayLKShrEqqzJ0eumQbVhTYQM27CfT1T35+gCgDFoL82JLsXqTJ76zv6A0YLOgEnLUMvLzsDsGIrl8NFpT2gQ==
  dependencies:
    get-intrinsic "^1.2.4"

es-errors@^1.3.0:
  version "1.3.0"
  resolved "https://registry.npmmirror.com/es-errors/-/es-errors-1.3.0.tgz#05f75a25dab98e4fb1dcd5e1472c0546d5057c8f"
  integrity sha512-Zf5H2Kxt2xjTvbJvP2ZWLEICxA6j+hAmMzIlypy4xcBg1vKVnx89Wy0GbS+kf5cwCVFFzdCFh2XSCFNULS6csw==

for-in@^0.1.3:
  version "0.1.8"
  resolved "https://registry.npmmirror.com/for-in/-/for-in-0.1.8.tgz#d8773908e31256109952b1fdb9b3fa867d2775e1"
  integrity sha512-F0to7vbBSHP8E3l6dCjxNOLuSFAACIxFy3UehTUlG7svlXi37HHsDkyVcHo0Pq8QwrE+pXvWSVX3ZT1T9wAZ9g==

for-in@^1.0.1:
  version "1.0.2"
  resolved "https://registry.npmmirror.com/for-in/-/for-in-1.0.2.tgz#81068d295a8142ec0ac726c6e2200c30fb6d5e80"
  integrity sha512-7EwmXrOjyL+ChxMhmG5lnW9MPt1aIeZEwKhQzoBUdTV0N3zuwWDZYVJatDvZ2OyzPUvdIAZDsCetk3coyMfcnQ==

for-own@^0.1.3:
  version "0.1.5"
  resolved "https://registry.npmmirror.com/for-own/-/for-own-0.1.5.tgz#5265c681a4f294dabbf17c9509b6763aa84510ce"
  integrity sha512-SKmowqGTJoPzLO1T0BBJpkfp3EMacCMOuH40hOUbrbzElVktk4DioXVM99QkLCyKoiuOmyjgcWMpVz2xjE7LZw==
  dependencies:
    for-in "^1.0.1"

fs-extra@^10.0.0:
  version "10.1.0"
  resolved "https://registry.npmmirror.com/fs-extra/-/fs-extra-10.1.0.tgz#02873cfbc4084dde127eaa5f9905eef2325d1abf"
  integrity sha512-oRXApq54ETRj4eMiFzGnHWGy+zo5raudjuxN0b8H7s/RU2oW0Wvsx9O0ACRN/kRq9E8Vu/ReskGB5o3ji+FzHQ==
  dependencies:
    graceful-fs "^4.2.0"
    jsonfile "^6.0.1"
    universalify "^2.0.0"

fs.realpath@^1.0.0:
  version "1.0.0"
  resolved "https://registry.npmmirror.com/fs.realpath/-/fs.realpath-1.0.0.tgz#1504ad2523158caa40db4a2787cb01411994ea4f"
  integrity sha512-OO0pH2lK6a0hZnAdau5ItzHPI6pUlvI7jMVnxUQRtw4owF2wk8lOSabtGDCTP4Ggrg2MbGnWO9X8K1t4+fGMDw==

function-bind@^1.1.2:
  version "1.1.2"
  resolved "https://registry.npmmirror.com/function-bind/-/function-bind-1.1.2.tgz#2c02d864d97f3ea6c8830c464cbd11ab6eab7a1c"
  integrity sha512-7XHNxH7qX9xG5mIwxkhumTox/MIRNcOgDrxWsMt2pAr23WHp6MrRlN7FBSFpCpr+oVO0F744iUgR82nJMfG2SA==

get-intrinsic@^1.1.3, get-intrinsic@^1.2.4:
  version "1.2.4"
  resolved "https://registry.npmmirror.com/get-intrinsic/-/get-intrinsic-1.2.4.tgz#e385f5a4b5227d449c3eabbad05494ef0abbeadd"
  integrity sha512-5uYhsJH8VJBTv7oslg4BznJYhDoRI6waYCxMmCdnTrcCrHA/fCFKoTFz2JKKE0HdDFUF7/oQuhzumXJK7paBRQ==
  dependencies:
    es-errors "^1.3.0"
    function-bind "^1.1.2"
    has-proto "^1.0.1"
    has-symbols "^1.0.3"
    hasown "^2.0.0"

glob@^7.1.3:
  version "7.2.3"
  resolved "https://registry.npmmirror.com/glob/-/glob-7.2.3.tgz#b8df0fb802bbfa8e89bd1d938b4e16578ed44f2b"
  integrity sha512-nFR0zLpU2YCaRxwoCJvL6UvCH2JFyFVIvwTLsIf21AuHlMskA1hhTdk+LlYJtOlYt9v6dvszD2BGRqBL+iQK9Q==
  dependencies:
    fs.realpath "^1.0.0"
    inflight "^1.0.4"
    inherits "2"
    minimatch "^3.1.1"
    once "^1.3.0"
    path-is-absolute "^1.0.0"

gopd@^1.0.1:
  version "1.0.1"
  resolved "https://registry.npmmirror.com/gopd/-/gopd-1.0.1.tgz#29ff76de69dac7489b7c0918a5788e56477c332c"
  integrity sha512-d65bNlIadxvpb/A2abVdlqKqV563juRnZ1Wtk6s1sIR8uNsXR70xqIzVqxVf1eTqDunwT2MkczEeaezCKTZhwA==
  dependencies:
    get-intrinsic "^1.1.3"

graceful-fs@^4.1.6, graceful-fs@^4.2.0:
  version "4.2.11"
  resolved "https://registry.npmmirror.com/graceful-fs/-/graceful-fs-4.2.11.tgz#4183e4e8bf08bb6e05bbb2f7d2e0c8f712ca40e3"
  integrity sha512-RbJ5/jmFcNNCcDV5o9eTnBLJ/HszWV0P73bc+Ff4nS/rJj+YaS6IGyiOL0VoBYX+l1Wrl3k63h/KrH+nhJ0XvQ==

has-property-descriptors@^1.0.2:
  version "1.0.2"
  resolved "https://registry.npmmirror.com/has-property-descriptors/-/has-property-descriptors-1.0.2.tgz#963ed7d071dc7bf5f084c5bfbe0d1b6222586854"
  integrity sha512-55JNKuIW+vq4Ke1BjOTjM2YctQIvCT7GFzHwmfZPGo5wnrgkid0YQtnAleFSqumZm4az3n2BS+erby5ipJdgrg==
  dependencies:
    es-define-property "^1.0.0"

has-proto@^1.0.1:
  version "1.0.3"
  resolved "https://registry.npmmirror.com/has-proto/-/has-proto-1.0.3.tgz#b31ddfe9b0e6e9914536a6ab286426d0214f77fd"
  integrity sha512-SJ1amZAJUiZS+PhsVLf5tGydlaVB8EdFpaSO4gmiUKUOxk8qzn5AIy4ZeJUmh22znIdk/uMAUT2pl3FxzVUH+Q==

has-symbols@^1.0.3:
  version "1.0.3"
  resolved "https://registry.npmmirror.com/has-symbols/-/has-symbols-1.0.3.tgz#bb7b2c4349251dce87b125f7bdf874aa7c8b39f8"
  integrity sha512-l3LCuF6MgDNwTDKkdYGEihYjt5pRPbEg46rtlmnSPlUbgmB8LOIrKJbYYFBSbnPaJexMKtiPO8hmeRjRz2Td+A==

hasown@^2.0.0:
  version "2.0.2"
  resolved "https://registry.npmmirror.com/hasown/-/hasown-2.0.2.tgz#003eaf91be7adc372e84ec59dc37252cedb80003"
  integrity sha512-0hJU9SCPvmMzIBdZFqNPXWa6dqh7WdH0cII9y+CyS8rG3nL48Bclra9HmKhVVUHyPWNH5Y7xDwAB7bfgSjkUMQ==
  dependencies:
    function-bind "^1.1.2"

http@^0.0.1-security:
  version "0.0.1-security"
  resolved "https://registry.npmmirror.com/http/-/http-0.0.1-security.tgz#3aac09129d12dc2747bbce4157afde20ad1f7995"
  integrity sha512-RnDvP10Ty9FxqOtPZuxtebw1j4L/WiqNMDtuc1YMH1XQm5TgDRaR1G9u8upL6KD1bXHSp9eSXo/ED+8Q7FAr+g==

inflight@^1.0.4:
  version "1.0.6"
  resolved "https://registry.npmmirror.com/inflight/-/inflight-1.0.6.tgz#49bd6331d7d02d0c09bc910a1075ba8165b56df9"
  integrity sha512-k92I/b08q4wvFscXCLvqfsHCrjrF7yiXsQuIVvVE7N82W3+aqpzuUdBbfhWcy/FZR3/4IgflMgKLOsvPDrGCJA==
  dependencies:
    once "^1.3.0"
    wrappy "1"

inherits@2:
  version "2.0.4"
  resolved "https://registry.npmmirror.com/inherits/-/inherits-2.0.4.tgz#0fa2c64f932917c3433a0ded55363aae37416b7c"
  integrity sha512-k/vGaX4/Yla3WzyMCvTQOXYeIHvqOKtnqBduzTHpzpQZzAskKMhZ2K+EnBiSM9zGSoIFeMpXKxa4dYeZIQqewQ==

ip-address@^9.0.5:
  version "9.0.5"
  resolved "https://registry.npmmirror.com/ip-address/-/ip-address-9.0.5.tgz#117a960819b08780c3bd1f14ef3c1cc1d3f3ea5a"
  integrity sha512-zHtQzGojZXTwZTHQqra+ETKd4Sn3vgi7uBmlPoXVWZqYvuKmtI0l/VZTjqGmJY9x88GGOaZ9+G9ES8hC4T4X8g==
  dependencies:
    jsbn "1.1.0"
    sprintf-js "^1.1.3"

is-buffer@^1.0.2, is-buffer@^1.1.5:
  version "1.1.6"
  resolved "https://registry.npmmirror.com/is-buffer/-/is-buffer-1.1.6.tgz#efaa2ea9daa0d7ab2ea13a97b2b8ad51fefbe8be"
  integrity sha512-NcdALwpXkTm5Zvvbk7owOUSvVvBKDgKP5/ewfXEznmQFfs4ZRmanOeKBTjRVjka3QFoN6XJ+9F3USqfHqTaU5w==

is-extendable@^0.1.1:
  version "0.1.1"
  resolved "https://registry.npmmirror.com/is-extendable/-/is-extendable-0.1.1.tgz#62b110e289a471418e3ec36a617d472e301dfc89"
  integrity sha512-5BMULNob1vgFX6EjQw5izWDxrecWK9AM72rugNr0TFldMOi0fj6Jk+zeKIt0xGj4cEfQIJth4w3OKWOJ4f+AFw==

is-plain-object@^2.0.1:
  version "2.0.4"
  resolved "https://registry.npmmirror.com/is-plain-object/-/is-plain-object-2.0.4.tgz#2c163b3fafb1b606d9d17928f05c2a1c38e07677"
  integrity sha512-h5PpgXkWitc38BBMYawTYMWJHFZJVnBquFE57xFpjB8pJFiF6gZ+bU+WyI/yqXiFR5mdLsgYNaPe8uao6Uv9Og==
  dependencies:
    isobject "^3.0.1"

isobject@^3.0.1:
  version "3.0.1"
  resolved "https://registry.npmmirror.com/isobject/-/isobject-3.0.1.tgz#4e431e92b11a9731636aa1f9c8d1ccbcfdab78df"
  integrity sha512-WhB9zCku7EGTj/HQQRz5aUQEUeoQZH2bWcltRErOpymJ4boYE6wL9Tbr23krRPSZ+C5zqNSrSw+Cc7sZZ4b7vg==

jsbn@1.1.0:
  version "1.1.0"
  resolved "https://registry.npmmirror.com/jsbn/-/jsbn-1.1.0.tgz#b01307cb29b618a1ed26ec79e911f803c4da0040"
  integrity sha512-4bYVV3aAMtDTTu4+xsDYa6sy9GyJ69/amsu9sYF2zqjiEoZA5xJi3BrfX3uY+/IekIu7MwdObdbDWpoZdBv3/A==

json2mq@^0.2.0:
  version "0.2.0"
  resolved "https://registry.npmmirror.com/json2mq/-/json2mq-0.2.0.tgz#b637bd3ba9eabe122c83e9720483aeb10d2c904a"
  integrity sha512-SzoRg7ux5DWTII9J2qkrZrqV1gt+rTaoufMxEzXbS26Uid0NwaJd123HcoB80TgubEppxxIGdNxCx50fEoEWQA==
  dependencies:
    string-convert "^0.2.0"

jsonfile@^6.0.1:
  version "6.1.0"
  resolved "https://registry.npmmirror.com/jsonfile/-/jsonfile-6.1.0.tgz#bc55b2634793c679ec6403094eb13698a6ec0aae"
  integrity sha512-5dgndWOriYSm5cnYaJNhalLNDKOqFwyDB/rr1E9ZsGciGvKPs8R2xYGCacuf3z6K1YKDz182fd+fY3cn3pMqXQ==
  dependencies:
    universalify "^2.0.0"
  optionalDependencies:
    graceful-fs "^4.1.6"

kind-of@^2.0.1:
  version "2.0.1"
  resolved "https://registry.npmmirror.com/kind-of/-/kind-of-2.0.1.tgz#018ec7a4ce7e3a86cb9141be519d24c8faa981b5"
  integrity sha512-0u8i1NZ/mg0b+W3MGGw5I7+6Eib2nx72S/QvXa0hYjEkjTknYmEYQJwGu3mLC0BrhtJjtQafTkyRUQ75Kx0LVg==
  dependencies:
    is-buffer "^1.0.2"

kind-of@^3.0.2:
  version "3.2.2"
  resolved "https://registry.npmmirror.com/kind-of/-/kind-of-3.2.2.tgz#31ea21a734bab9bbb0f32466d893aea51e4a3c64"
  integrity sha512-NOW9QQXMoZGg/oqnVNoNTTIFEIid1627WCffUBJEdMxYApq7mNE7CpzucIPc+ZQg25Phej7IJSmX3hO+oblOtQ==
  dependencies:
    is-buffer "^1.1.5"

lazy-cache@^0.2.3:
  version "0.2.7"
  resolved "https://registry.npmmirror.com/lazy-cache/-/lazy-cache-0.2.7.tgz#7feddf2dcb6edb77d11ef1d117ab5ffdf0ab1b65"
  integrity sha512-gkX52wvU/R8DVMMt78ATVPFMJqfW8FPz1GZ1sVHBVQHmu/WvhIWE4cE1GBzhJNFicDeYhnwp6Rl35BcAIM3YOQ==

lazy-cache@^1.0.3:
  version "1.0.4"
  resolved "https://registry.npmmirror.com/lazy-cache/-/lazy-cache-1.0.4.tgz#a1d78fc3a50474cb80845d3b3b6e1da49a446e8e"
  integrity sha512-RE2g0b5VGZsOCFOCgP7omTRYFqydmZkBwl5oNnQ1lDYC57uyO9KqNnNVxT7COSHTxrRCWVcAVOcbjk+tvh/rgQ==

merge-deep@^3.0.1:
  version "3.0.3"
  resolved "https://registry.npmmirror.com/merge-deep/-/merge-deep-3.0.3.tgz#1a2b2ae926da8b2ae93a0ac15d90cd1922766003"
  integrity sha512-qtmzAS6t6grwEkNrunqTBdn0qKwFgNWvlxUbAV8es9M7Ot1EbyApytCnvE0jALPa46ZpKDUo527kKiaWplmlFA==
  dependencies:
    arr-union "^3.1.0"
    clone-deep "^0.2.4"
    kind-of "^3.0.2"

minimatch@^3.1.1:
  version "3.1.2"
  resolved "https://registry.npmmirror.com/minimatch/-/minimatch-3.1.2.tgz#19cd194bfd3e428f049a70817c038d89ab4be35b"
  integrity sha512-J7p63hRiAjw1NDEww1W7i37+ByIrOWO5XQQAzZ3VOcL0PNybwpfmV/N05zFAzwQ9USyEcX6t3UO+K5aqBQOIHw==
  dependencies:
    brace-expansion "^1.1.7"

mixin-object@^2.0.1:
  version "2.0.1"
  resolved "https://registry.npmmirror.com/mixin-object/-/mixin-object-2.0.1.tgz#4fb949441dab182540f1fe035ba60e1947a5e57e"
  integrity sha512-ALGF1Jt9ouehcaXaHhn6t1yGWRqGaHkPFndtFVHfZXOvkIZ/yoGaSi0AHVTafb3ZBGg4dr/bDwnaEKqCXzchMA==
  dependencies:
    for-in "^0.1.3"
    is-extendable "^0.1.1"

ms@2.1.2:
  version "2.1.2"
  resolved "https://registry.npmmirror.com/ms/-/ms-2.1.2.tgz#d09d1f357b443f493382a8eb3ccd183872ae6009"
  integrity sha512-sGkPx+VjMtmA6MX27oA4FBFELFCZZ4S4XqeGOXCv68tT+jb3vk/RyaKWP0PTKyWtmLSM0b+adUTEvbs1PEaH2w==

object-inspect@^1.13.1:
  version "1.13.1"
  resolved "https://registry.npmmirror.com/object-inspect/-/object-inspect-1.13.1.tgz#b96c6109324ccfef6b12216a956ca4dc2ff94bc2"
  integrity sha512-5qoj1RUiKOMsCCNLV1CBiPYE10sziTsnmNxkAI/rZhiD63CF7IqdFGC/XzjWjpSgLf0LxXX3bDFIh0E18f6UhQ==

once@^1.3.0:
  version "1.4.0"
  resolved "https://registry.npmmirror.com/once/-/once-1.4.0.tgz#583b1aa775961d4b113ac17d9c50baef9dd76bd1"
  integrity sha512-lNaJgI+2Q5URQBkccEKHTQOPaXdUxnZZElQTZY0MFUAuaEqe1E+Nyvgdz/aIyNi6Z9MzO5dv1H8n58/GELp3+w==
  dependencies:
    wrappy "1"

path-is-absolute@^1.0.0:
  version "1.0.1"
  resolved "https://registry.npmmirror.com/path-is-absolute/-/path-is-absolute-1.0.1.tgz#174b9268735534ffbc7ace6bf53a5a9e1b5c5f5f"
  integrity sha512-AVbw3UJ2e9bq64vSaS9Am0fje1Pa8pbGqTTsmXfaIiMpnr5DlDhfJOuLj9Sf95ZPVDAUerDfEk88MPmPe7UCQg==

proxy-chain@^2.4.0:
  version "2.4.0"
  resolved "https://registry.npmmirror.com/proxy-chain/-/proxy-chain-2.4.0.tgz#1dc76c91add8fa453b80f7c26a45500cfc6072d2"
  integrity sha512-fbFfzJDxWcLYYvI+yx0VXjTgJPfXsGdhFnCJN4rq/5GZSgn9CQpRgm1KC2iEJfhL8gkeZCWJYBAllmGMT356cg==
  dependencies:
    tslib "^2.3.1"

punycode@^1.4.1:
  version "1.4.1"
  resolved "https://registry.npmmirror.com/punycode/-/punycode-1.4.1.tgz#c0d5a63b2718800ad8e1eb0fa5269c84dd41845e"
  integrity sha512-jmYNElW7yvO7TV33CjSmvSiE2yco3bV2czu/OzDKdMNVZQWfxCblURLhf+47syQRBntjfLdd/H0egrzIG+oaFQ==

puppeteer-extra-plugin-proxy@^1.0.2:
  version "1.0.2"
  resolved "https://registry.npmmirror.com/puppeteer-extra-plugin-proxy/-/puppeteer-extra-plugin-proxy-1.0.2.tgz#da5a5ef7b487aeb20cc4db28a90843a73c757d92"
  integrity sha512-gv22LFIS4zx33i6wD1LW45q080OFJSpZ9yt20H3w50TYczil0GqpZ6GnLt5dyWiyxI6AyMeJWqI9fIdFT0cXNQ==
  dependencies:
    puppeteer-extra-plugin "^3.0.4"

puppeteer-extra-plugin-stealth@^2.11.2:
  version "2.11.2"
  resolved "https://registry.npmmirror.com/puppeteer-extra-plugin-stealth/-/puppeteer-extra-plugin-stealth-2.11.2.tgz#bd3f5a1781cac8a98c983d148086585a84fcc8f1"
  integrity sha512-bUemM5XmTj9i2ZerBzsk2AN5is0wHMNE6K0hXBzBXOzP5m5G3Wl0RHhiqKeHToe/uIH8AoZiGhc1tCkLZQPKTQ==
  dependencies:
    debug "^4.1.1"
    puppeteer-extra-plugin "^3.2.3"
    puppeteer-extra-plugin-user-preferences "^2.4.1"

puppeteer-extra-plugin-user-data-dir@^2.4.1:
  version "2.4.1"
  resolved "https://registry.npmmirror.com/puppeteer-extra-plugin-user-data-dir/-/puppeteer-extra-plugin-user-data-dir-2.4.1.tgz#4ea9d56d20455672a54fe086309a102a5126411c"
  integrity sha512-kH1GnCcqEDoBXO7epAse4TBPJh9tEpVEK/vkedKfjOVOhZAvLkHGc9swMs5ChrJbRnf8Hdpug6TJlEuimXNQ+g==
  dependencies:
    debug "^4.1.1"
    fs-extra "^10.0.0"
    puppeteer-extra-plugin "^3.2.3"
    rimraf "^3.0.2"

puppeteer-extra-plugin-user-preferences@^2.4.1:
  version "2.4.1"
  resolved "https://registry.npmmirror.com/puppeteer-extra-plugin-user-preferences/-/puppeteer-extra-plugin-user-preferences-2.4.1.tgz#db8ec63c04a6a10a8f8997e15fdffdf13272161d"
  integrity sha512-i1oAZxRbc1bk8MZufKCruCEC3CCafO9RKMkkodZltI4OqibLFXF3tj6HZ4LZ9C5vCXZjYcDWazgtY69mnmrQ9A==
  dependencies:
    debug "^4.1.1"
    deepmerge "^4.2.2"
    puppeteer-extra-plugin "^3.2.3"
    puppeteer-extra-plugin-user-data-dir "^2.4.1"

puppeteer-extra-plugin@^3.0.4, puppeteer-extra-plugin@^3.2.3:
  version "3.2.3"
  resolved "https://registry.npmmirror.com/puppeteer-extra-plugin/-/puppeteer-extra-plugin-3.2.3.tgz#50c9f0749c005bbc7b8b208bcd00a9d46a15b585"
  integrity sha512-6RNy0e6pH8vaS3akPIKGg28xcryKscczt4wIl0ePciZENGE2yoaQJNd17UiEbdmh5/6WW6dPcfRWT9lxBwCi2Q==
  dependencies:
    "@types/debug" "^4.1.0"
    debug "^4.1.1"
    merge-deep "^3.0.1"

puppeteer-extra@^3.3.6:
  version "3.3.6"
  resolved "https://registry.npmmirror.com/puppeteer-extra/-/puppeteer-extra-3.3.6.tgz#fc16ff396aae52664842da9a557ea8fa51eaa8b7"
  integrity sha512-rsLBE/6mMxAjlLd06LuGacrukP2bqbzKCLzV1vrhHFavqQE/taQ2UXv3H5P0Ls7nsrASa+6x3bDbXHpqMwq+7A==
  dependencies:
    "@types/debug" "^4.1.0"
    debug "^4.1.1"
    deepmerge "^4.2.2"

qrcode.react@^3.1.0:
  version "3.1.0"
  resolved "https://registry.npmmirror.com/qrcode.react/-/qrcode.react-3.1.0.tgz#5c91ddc0340f768316fbdb8fff2765134c2aecd8"
  integrity sha512-oyF+Urr3oAMUG/OiOuONL3HXM+53wvuH3mtIWQrYmsXoAq0DkvZp2RYUWFSMFtbdOpuS++9v+WAkzNVkMlNW6Q==

qs@^6.11.2:
  version "6.12.1"
  resolved "https://registry.npmmirror.com/qs/-/qs-6.12.1.tgz#39422111ca7cbdb70425541cba20c7d7b216599a"
  integrity sha512-zWmv4RSuB9r2mYQw3zxQuHWeU+42aKi1wWig/j4ele4ygELZ7PEO6MM7rim9oAQH2A5MWfsAVf/jPvTPgCbvUQ==
  dependencies:
    side-channel "^1.0.6"

rc-cascader@~3.26.0:
  version "3.26.0"
  resolved "https://registry.npmmirror.com/rc-cascader/-/rc-cascader-3.26.0.tgz#1bcc9c29451047dc99e28fdd125c94828d7ddf76"
  integrity sha512-L1dml383TPSJD1I11YwxuVbmqaJY64psZqFp1ETlgl3LEOwDu76Cyl11fw5dmjJhMlUWwM5dECQfqJgfebhUjg==
  dependencies:
    "@babel/runtime" "^7.12.5"
    array-tree-filter "^2.1.0"
    classnames "^2.3.1"
    rc-select "~14.14.0"
    rc-tree "~5.8.1"
    rc-util "^5.37.0"

rc-checkbox@~3.3.0:
  version "3.3.0"
  resolved "https://registry.npmmirror.com/rc-checkbox/-/rc-checkbox-3.3.0.tgz#0ffcb65ab78c7d2fcd1a0d6554af36786516bd02"
  integrity sha512-Ih3ZaAcoAiFKJjifzwsGiT/f/quIkxJoklW4yKGho14Olulwn8gN7hOBve0/WGDg5o/l/5mL0w7ff7/YGvefVw==
  dependencies:
    "@babel/runtime" "^7.10.1"
    classnames "^2.3.2"
    rc-util "^5.25.2"

rc-collapse@~3.7.3:
  version "3.7.3"
  resolved "https://registry.npmmirror.com/rc-collapse/-/rc-collapse-3.7.3.tgz#68161683d8fd1004bef4eb281fc106f3c8dc16eb"
  integrity sha512-60FJcdTRn0X5sELF18TANwtVi7FtModq649H11mYF1jh83DniMoM4MqY627sEKRCTm4+WXfGDcB7hY5oW6xhyw==
  dependencies:
    "@babel/runtime" "^7.10.1"
    classnames "2.x"
    rc-motion "^2.3.4"
    rc-util "^5.27.0"

rc-dialog@~9.4.0:
  version "9.4.0"
  resolved "https://registry.npmmirror.com/rc-dialog/-/rc-dialog-9.4.0.tgz#194c107d34cb36a56f1db4a49dc73f6d59eeae85"
  integrity sha512-AScCexaLACvf8KZRqCPz12BJ8olszXOS4lKlkMyzDQHS1m0zj1KZMYgmMCh39ee0Dcv8kyrj8mTqxuLyhH+QuQ==
  dependencies:
    "@babel/runtime" "^7.10.1"
    "@rc-component/portal" "^1.0.0-8"
    classnames "^2.2.6"
    rc-motion "^2.3.0"
    rc-util "^5.21.0"

rc-drawer@~7.1.0:
  version "7.1.0"
  resolved "https://registry.npmmirror.com/rc-drawer/-/rc-drawer-7.1.0.tgz#2beabb8bab1784aea255d0d850bc206c3dc715da"
  integrity sha512-nBE1rF5iZvpavoyqhSSz2mk/yANltA7g3aF0U45xkx381n3we/RKs9cJfNKp9mSWCedOKWt9FLEwZDaAaOGn2w==
  dependencies:
    "@babel/runtime" "^7.23.9"
    "@rc-component/portal" "^1.1.1"
    classnames "^2.2.6"
    rc-motion "^2.6.1"
    rc-util "^5.38.1"

rc-dropdown@~4.2.0:
  version "4.2.0"
  resolved "https://registry.npmmirror.com/rc-dropdown/-/rc-dropdown-4.2.0.tgz#c6052fcfe9c701487b141e411cdc277dc7c6f061"
  integrity sha512-odM8Ove+gSh0zU27DUj5cG1gNKg7mLWBYzB5E4nNLrLwBmYEgYP43vHKDGOVZcJSVElQBI0+jTQgjnq0NfLjng==
  dependencies:
    "@babel/runtime" "^7.18.3"
    "@rc-component/trigger" "^2.0.0"
    classnames "^2.2.6"
    rc-util "^5.17.0"

rc-field-form@~2.0.1:
  version "2.0.1"
  resolved "https://registry.npmmirror.com/rc-field-form/-/rc-field-form-2.0.1.tgz#97dc352f3899e9617f2abfd0c09bf0fcd17409e2"
  integrity sha512-3WK/POHBcfMFKrzScrkmgMIXqoVQ0KgVwcVnej/ukwuQG4ZHCJaTi2KhM+tWTK4WODBXbmjKg5pKHj2IVmSg4A==
  dependencies:
    "@babel/runtime" "^7.18.0"
    "@rc-component/async-validator" "^5.0.3"
    rc-util "^5.32.2"

rc-image@~7.6.0:
  version "7.6.0"
  resolved "https://registry.npmmirror.com/rc-image/-/rc-image-7.6.0.tgz#2867087b77c8595ea9eb37d18ca863e47904b191"
  integrity sha512-tL3Rvd1sS+frZQ01i+tkeUPaOeFz2iG9/scAt/Cfs0hyCRVA/w0Pu1J/JxIX8blalvmHE0bZQRYdOmRAzWu4Hg==
  dependencies:
    "@babel/runtime" "^7.11.2"
    "@rc-component/portal" "^1.0.2"
    classnames "^2.2.6"
    rc-dialog "~9.4.0"
    rc-motion "^2.6.2"
    rc-util "^5.34.1"

rc-input-number@~9.1.0:
  version "9.1.0"
  resolved "https://registry.npmmirror.com/rc-input-number/-/rc-input-number-9.1.0.tgz#fd577db284b65548c156500322a2feaa04321565"
  integrity sha512-NqJ6i25Xn/AgYfVxynlevIhX3FuKlMwIFpucGG1h98SlK32wQwDK0zhN9VY32McOmuaqzftduNYWWooWz8pXQA==
  dependencies:
    "@babel/runtime" "^7.10.1"
    "@rc-component/mini-decimal" "^1.0.1"
    classnames "^2.2.5"
    rc-input "~1.5.0"
    rc-util "^5.40.1"

rc-input@~1.5.0:
  version "1.5.0"
  resolved "https://registry.npmmirror.com/rc-input/-/rc-input-1.5.0.tgz#8d62630245e4e65414e4b8e7dc7878339adb5245"
  integrity sha512-Jq0+rV+0cZquDXnVArOjyimOPw+tib+EXPutyf9X6JyNGRmDsBoShdJ3OyUQnCrmaOGMVkpbvOkWqM+iAIsfzA==
  dependencies:
    "@babel/runtime" "^7.11.1"
    classnames "^2.2.1"
    rc-util "^5.18.1"

rc-mentions@~2.13.1:
  version "2.13.1"
  resolved "https://registry.npmmirror.com/rc-mentions/-/rc-mentions-2.13.1.tgz#14586ffa4a1ddd4079564f38abf2b4351671feca"
  integrity sha512-DSyUDq/PPCleUX1eghIn371lTSRQsIuCs1N7xR9nZcHP9R1NkE7JjpWUP8Gy4EGVPu0JN0qIcokxYJaoGPnofg==
  dependencies:
    "@babel/runtime" "^7.22.5"
    "@rc-component/trigger" "^2.0.0"
    classnames "^2.2.6"
    rc-input "~1.5.0"
    rc-menu "~9.14.0"
    rc-textarea "~1.7.0"
    rc-util "^5.34.1"

rc-menu@~9.14.0:
  version "9.14.0"
  resolved "https://registry.npmmirror.com/rc-menu/-/rc-menu-9.14.0.tgz#5e072cfc731a6dd95005d4247f02543679b0836b"
  integrity sha512-La3LBCDMLMs9Q/8mTGbnscb+ZeJ26ebkLz9xJFHd2SD8vfsCKl1Z/k3mwbxyKL01lB40fel1s9Nn9LAv/nmVJQ==
  dependencies:
    "@babel/runtime" "^7.10.1"
    "@rc-component/trigger" "^2.0.0"
    classnames "2.x"
    rc-motion "^2.4.3"
    rc-overflow "^1.3.1"
    rc-util "^5.27.0"

rc-motion@^2.0.0, rc-motion@^2.0.1, rc-motion@^2.3.0, rc-motion@^2.3.4, rc-motion@^2.4.3, rc-motion@^2.4.4, rc-motion@^2.6.1, rc-motion@^2.6.2, rc-motion@^2.9.0, rc-motion@^2.9.1:
  version "2.9.1"
  resolved "https://registry.npmmirror.com/rc-motion/-/rc-motion-2.9.1.tgz#5b405437f9f673ed1a59b6b797c2227c2d6b3d91"
  integrity sha512-QD4bUqByjVQs7PhUT1d4bNxvtTcK9ETwtg7psbDfo6TmYalH/1hhjj4r2hbhW7g5OOEqYHhfwfj4noIvuOVRtQ==
  dependencies:
    "@babel/runtime" "^7.11.1"
    classnames "^2.2.1"
    rc-util "^5.39.3"

rc-notification@~5.4.0:
  version "5.4.0"
  resolved "https://registry.npmmirror.com/rc-notification/-/rc-notification-5.4.0.tgz#c5ea20bfe4ed2dbacc7ef945777626c050945db8"
  integrity sha512-li19y9RoYJciF3WRFvD+DvWS70jdL8Fr+Gfb/OshK+iY6iTkwzoigmSIp76/kWh5tF5i/i9im12X3nsF85GYdA==
  dependencies:
    "@babel/runtime" "^7.10.1"
    classnames "2.x"
    rc-motion "^2.9.0"
    rc-util "^5.20.1"

rc-overflow@^1.3.1, rc-overflow@^1.3.2:
  version "1.3.2"
  resolved "https://registry.npmmirror.com/rc-overflow/-/rc-overflow-1.3.2.tgz#72ee49e85a1308d8d4e3bd53285dc1f3e0bcce2c"
  integrity sha512-nsUm78jkYAoPygDAcGZeC2VwIg/IBGSodtOY3pMof4W3M9qRJgqaDYm03ZayHlde3I6ipliAxbN0RUcGf5KOzw==
  dependencies:
    "@babel/runtime" "^7.11.1"
    classnames "^2.2.1"
    rc-resize-observer "^1.0.0"
    rc-util "^5.37.0"

rc-pagination@~4.0.4:
  version "4.0.4"
  resolved "https://registry.npmmirror.com/rc-pagination/-/rc-pagination-4.0.4.tgz#ea401388ae86eac17ed5b41212d487f12b65b773"
  integrity sha512-GGrLT4NgG6wgJpT/hHIpL9nELv27A1XbSZzECIuQBQTVSf4xGKxWr6I/jhpRPauYEWEbWVw22ObG6tJQqwJqWQ==
  dependencies:
    "@babel/runtime" "^7.10.1"
    classnames "^2.3.2"
    rc-util "^5.38.0"

rc-picker@~4.5.0:
  version "4.5.0"
  resolved "https://registry.npmmirror.com/rc-picker/-/rc-picker-4.5.0.tgz#ae7a028ed6184e0ef40a2c8aaeb9d5dbef89d4b8"
  integrity sha512-suqz9bzuhBQlf7u+bZd1bJLPzhXpk12w6AjQ9BTPTiFwexVZgUKViG1KNLyfFvW6tCUZZK0HmCCX7JAyM+JnCg==
  dependencies:
    "@babel/runtime" "^7.10.1"
    "@rc-component/trigger" "^2.0.0"
    classnames "^2.2.1"
    rc-overflow "^1.3.2"
    rc-resize-observer "^1.4.0"
    rc-util "^5.38.1"

rc-progress@~4.0.0:
  version "4.0.0"
  resolved "https://registry.npmmirror.com/rc-progress/-/rc-progress-4.0.0.tgz#5382147d9add33d3a5fbd264001373df6440e126"
  integrity sha512-oofVMMafOCokIUIBnZLNcOZFsABaUw8PPrf1/y0ZBvKZNpOiu5h4AO9vv11Sw0p4Hb3D0yGWuEattcQGtNJ/aw==
  dependencies:
    "@babel/runtime" "^7.10.1"
    classnames "^2.2.6"
    rc-util "^5.16.1"

rc-rate@~2.12.0:
  version "2.12.0"
  resolved "https://registry.npmmirror.com/rc-rate/-/rc-rate-2.12.0.tgz#0182deffed3b009cdcc61660da8746c39ed91ed5"
  integrity sha512-g092v5iZCdVzbjdn28FzvWebK2IutoVoiTeqoLTj9WM7SjA/gOJIw5/JFZMRyJYYVe1jLAU2UhAfstIpCNRozg==
  dependencies:
    "@babel/runtime" "^7.10.1"
    classnames "^2.2.5"
    rc-util "^5.0.1"

rc-resize-observer@^1.0.0, rc-resize-observer@^1.1.0, rc-resize-observer@^1.3.1, rc-resize-observer@^1.4.0:
  version "1.4.0"
  resolved "https://registry.npmmirror.com/rc-resize-observer/-/rc-resize-observer-1.4.0.tgz#7bba61e6b3c604834980647cce6451914750d0cc"
  integrity sha512-PnMVyRid9JLxFavTjeDXEXo65HCRqbmLBw9xX9gfC4BZiSzbLXKzW3jPz+J0P71pLbD5tBMTT+mkstV5gD0c9Q==
  dependencies:
    "@babel/runtime" "^7.20.7"
    classnames "^2.2.1"
    rc-util "^5.38.0"
    resize-observer-polyfill "^1.5.1"

rc-segmented@~2.3.0:
  version "2.3.0"
  resolved "https://registry.npmmirror.com/rc-segmented/-/rc-segmented-2.3.0.tgz#b3fe080fb434a266c02e30bb62a47d2c6e094341"
  integrity sha512-I3FtM5Smua/ESXutFfb8gJ8ZPcvFR+qUgeeGFQHBOvRiRKyAk4aBE5nfqrxXx+h8/vn60DQjOt6i4RNtrbOobg==
  dependencies:
    "@babel/runtime" "^7.11.1"
    classnames "^2.2.1"
    rc-motion "^2.4.4"
    rc-util "^5.17.0"

rc-select@~14.14.0:
  version "14.14.0"
  resolved "https://registry.npmmirror.com/rc-select/-/rc-select-14.14.0.tgz#110771fad72496843b245236bcb0007553b9fe0d"
  integrity sha512-Uo2wulrjoPPRLCPd7zlK4ZFVJxlTN//yp1xWP/U+TUOQCyXrT+Duvq/Si5OzVcmQyWAUSbsplc2OwNNhvbOeKQ==
  dependencies:
    "@babel/runtime" "^7.10.1"
    "@rc-component/trigger" "^2.1.1"
    classnames "2.x"
    rc-motion "^2.0.1"
    rc-overflow "^1.3.1"
    rc-util "^5.16.1"
    rc-virtual-list "^3.5.2"

rc-slider@~10.6.2:
  version "10.6.2"
  resolved "https://registry.npmmirror.com/rc-slider/-/rc-slider-10.6.2.tgz#8bd3b63b24f2f3682ea1bf86d021073189cf33eb"
  integrity sha512-FjkoFjyvUQWcBo1F3RgSglky3ar0+qHLM41PlFVYB4Bj3RD8E/Mv7kqMouLFBU+3aFglMzzctAIWRwajEuueSw==
  dependencies:
    "@babel/runtime" "^7.10.1"
    classnames "^2.2.5"
    rc-util "^5.36.0"

rc-steps@~6.0.1:
  version "6.0.1"
  resolved "https://registry.npmmirror.com/rc-steps/-/rc-steps-6.0.1.tgz#c2136cd0087733f6d509209a84a5c80dc29a274d"
  integrity sha512-lKHL+Sny0SeHkQKKDJlAjV5oZ8DwCdS2hFhAkIjuQt1/pB81M0cA0ErVFdHq9+jmPmFw1vJB2F5NBzFXLJxV+g==
  dependencies:
    "@babel/runtime" "^7.16.7"
    classnames "^2.2.3"
    rc-util "^5.16.1"

rc-switch@~4.1.0:
  version "4.1.0"
  resolved "https://registry.npmmirror.com/rc-switch/-/rc-switch-4.1.0.tgz#f37d81b4e0c5afd1274fd85367b17306bf25e7d7"
  integrity sha512-TI8ufP2Az9oEbvyCeVE4+90PDSljGyuwix3fV58p7HV2o4wBnVToEyomJRVyTaZeqNPAp+vqeo4Wnj5u0ZZQBg==
  dependencies:
    "@babel/runtime" "^7.21.0"
    classnames "^2.2.1"
    rc-util "^5.30.0"

rc-table@~7.45.6:
  version "7.45.6"
  resolved "https://registry.npmmirror.com/rc-table/-/rc-table-7.45.6.tgz#53286fc08cd18f0be704de76fdbf19d1de7749da"
  integrity sha512-FYsTya3RQzLYct+o3fqHIZQIwrmsvrvhTg/I6hzlJZ1XoVAGoTmgkN1mMilVlYgksZTey9BCNYh94c6yhdjTXQ==
  dependencies:
    "@babel/runtime" "^7.10.1"
    "@rc-component/context" "^1.4.0"
    classnames "^2.2.5"
    rc-resize-observer "^1.1.0"
    rc-util "^5.37.0"
    rc-virtual-list "^3.11.1"

rc-tabs@~15.1.0:
  version "15.1.0"
  resolved "https://registry.npmmirror.com/rc-tabs/-/rc-tabs-15.1.0.tgz#6f6addf3ec4d0815f9f05d1317b47a579838e92f"
  integrity sha512-xTNz4Km1025emtkv1q7xKhjPwAtXr/wycuXVTAcFJg+DKhnPDDbnwbA9KRW0SawAVOGvVEj8ZrBlU0u0FGLrbg==
  dependencies:
    "@babel/runtime" "^7.11.2"
    classnames "2.x"
    rc-dropdown "~4.2.0"
    rc-menu "~9.14.0"
    rc-motion "^2.6.2"
    rc-resize-observer "^1.0.0"
    rc-util "^5.34.1"

rc-textarea@~1.7.0:
  version "1.7.0"
  resolved "https://registry.npmmirror.com/rc-textarea/-/rc-textarea-1.7.0.tgz#115c421359dddee58c601008ec2209b41cb8f8df"
  integrity sha512-UxizYJkWkmxP3zofXgc487QiGyDmhhheDLLjIWbFtDmiru1ls30KpO8odDaPyqNUIy9ugj5djxTEuezIn6t3Jg==
  dependencies:
    "@babel/runtime" "^7.10.1"
    classnames "^2.2.1"
    rc-input "~1.5.0"
    rc-resize-observer "^1.0.0"
    rc-util "^5.27.0"

rc-tooltip@~6.2.0:
  version "6.2.0"
  resolved "https://registry.npmmirror.com/rc-tooltip/-/rc-tooltip-6.2.0.tgz#4dd7575674137a5b14f118a5c16435d3f5e4a9c9"
  integrity sha512-iS/3iOAvtDh9GIx1ulY7EFUXUtktFccNLsARo3NPgLf0QW9oT0w3dA9cYWlhqAKmD+uriEwdWz1kH0Qs4zk2Aw==
  dependencies:
    "@babel/runtime" "^7.11.2"
    "@rc-component/trigger" "^2.0.0"
    classnames "^2.3.1"

rc-tree-select@~5.21.0:
  version "5.21.0"
  resolved "https://registry.npmmirror.com/rc-tree-select/-/rc-tree-select-5.21.0.tgz#4ff94d5c28cba9810c4970d1f12ab7248c3b6e55"
  integrity sha512-w+9qEu6zh0G3wt9N/hzWNSnqYH1i9mH1Nqxo0caxLRRFXF5yZWYmpCDoDTMdQM1Y4z3Q5yj08qyrPH/d4AtumA==
  dependencies:
    "@babel/runtime" "^7.10.1"
    classnames "2.x"
    rc-select "~14.14.0"
    rc-tree "~5.8.1"
    rc-util "^5.16.1"

rc-tree@~5.8.1, rc-tree@~5.8.7:
  version "5.8.7"
  resolved "https://registry.npmmirror.com/rc-tree/-/rc-tree-5.8.7.tgz#79fe560eca8a998a5cd866cdf374ffc3643754f1"
  integrity sha512-cpsIQZ4nNYwpj6cqPRt52e/69URuNdgQF9wZ10InmEf8W3+i0A41OVmZWwHuX9gegQSqj+DPmaDkZFKQZ+ZV1w==
  dependencies:
    "@babel/runtime" "^7.10.1"
    classnames "2.x"
    rc-motion "^2.0.1"
    rc-util "^5.16.1"
    rc-virtual-list "^3.5.1"

rc-upload@~4.5.2:
  version "4.5.2"
  resolved "https://registry.npmmirror.com/rc-upload/-/rc-upload-4.5.2.tgz#ea493fbaaf57d9369ee954b20e1d8bc35c818a1a"
  integrity sha512-QO3ne77DwnAPKFn0bA5qJM81QBjQi0e0NHdkvpFyY73Bea2NfITiotqJqVjHgeYPOJu5lLVR32TNGP084aSoXA==
  dependencies:
    "@babel/runtime" "^7.18.3"
    classnames "^2.2.5"
    rc-util "^5.2.0"

rc-util@^5.0.1, rc-util@^5.16.1, rc-util@^5.17.0, rc-util@^5.18.1, rc-util@^5.2.0, rc-util@^5.20.1, rc-util@^5.21.0, rc-util@^5.24.4, rc-util@^5.25.2, rc-util@^5.27.0, rc-util@^5.30.0, rc-util@^5.31.1, rc-util@^5.32.2, rc-util@^5.34.1, rc-util@^5.35.0, rc-util@^5.36.0, rc-util@^5.37.0, rc-util@^5.38.0, rc-util@^5.38.1, rc-util@^5.39.3, rc-util@^5.40.1:
  version "5.41.0"
  resolved "https://registry.npmmirror.com/rc-util/-/rc-util-5.41.0.tgz#b1ba000d4f3a9e72563370a3243b59f89b40e1bd"
  integrity sha512-xtlCim9RpmVv0Ar2Nnc3WfJCxjQkTf3xHPWoFdjp1fSs2NirQwqiQrfqdU9HUe0kdfb168M/T8Dq0IaX50xeKg==
  dependencies:
    "@babel/runtime" "^7.18.3"
    react-is "^18.2.0"

rc-virtual-list@^3.11.1, rc-virtual-list@^3.5.1, rc-virtual-list@^3.5.2:
  version "3.13.0"
  resolved "https://registry.npmmirror.com/rc-virtual-list/-/rc-virtual-list-3.13.0.tgz#326cbc5a66b9fa5d3f0515d5cb4f9a6fcbf48d38"
  integrity sha512-pmgf12IzjqC8xcO8zc4MDh2hC6Y9svXoVG2WmHbx1OGUTcEKzbqwxNGrRSLDp1dRMp85Q/ovnLwKnfF3BTFXtQ==
  dependencies:
    "@babel/runtime" "^7.20.0"
    classnames "^2.2.6"
    rc-resize-observer "^1.0.0"
    rc-util "^5.36.0"

react-is@^18.2.0:
  version "18.3.1"
  resolved "https://registry.npmmirror.com/react-is/-/react-is-18.3.1.tgz#e83557dc12eae63a99e003a46388b1dcbb44db7e"
  integrity sha512-/LLMVyas0ljjAtoYiPqYiL8VWXzUUdThrmU5+n20DZv+a+ClRoevUzw5JxU+Ieh5/c87ytoTBV9G1FiKfNJdmg==

regenerator-runtime@^0.14.0:
  version "0.14.1"
  resolved "https://registry.npmmirror.com/regenerator-runtime/-/regenerator-runtime-0.14.1.tgz#356ade10263f685dda125100cd862c1db895327f"
  integrity sha512-dYnhHh0nJoMfnkZs6GmmhFknAGRrLznOu5nc9ML+EJxGvrx6H7teuevqVqCuPcPK//3eDrrjQhehXVx9cnkGdw==

resize-observer-polyfill@^1.5.1:
  version "1.5.1"
  resolved "https://registry.npmmirror.com/resize-observer-polyfill/-/resize-observer-polyfill-1.5.1.tgz#0e9020dd3d21024458d4ebd27e23e40269810464"
  integrity sha512-LwZrotdHOo12nQuZlHEmtuXdqGoOD0OhaxopaNFxWzInpEgaLWoVuAMbTzixuosCx2nEG58ngzW3vxdWoxIgdg==

rimraf@^3.0.2:
  version "3.0.2"
  resolved "https://registry.npmmirror.com/rimraf/-/rimraf-3.0.2.tgz#f1a5402ba6220ad52cc1282bac1ae3aa49fd061a"
  integrity sha512-JZkJMZkAGFFPP2YqXZXPbMlMBgsxzE8ILs4lMIX/2o0L9UBw9O/Y3o6wFw/i9YLapcUJWwqbi3kdxIPdC62TIA==
  dependencies:
    glob "^7.1.3"

scroll-into-view-if-needed@^3.1.0:
  version "3.1.0"
  resolved "https://registry.npmmirror.com/scroll-into-view-if-needed/-/scroll-into-view-if-needed-3.1.0.tgz#fa9524518c799b45a2ef6bbffb92bcad0296d01f"
  integrity sha512-49oNpRjWRvnU8NyGVmUaYG4jtTkNonFZI86MmGRDqBphEK2EXT9gdEUoQPZhuBM8yWHxCWbobltqYO5M4XrUvQ==
  dependencies:
    compute-scroll-into-view "^3.0.2"

set-function-length@^1.2.1:
  version "1.2.2"
  resolved "https://registry.npmmirror.com/set-function-length/-/set-function-length-1.2.2.tgz#aac72314198eaed975cf77b2c3b6b880695e5449"
  integrity sha512-pgRc4hJ4/sNjWCSS9AmnS40x3bNMDTknHgL5UaMBTMyJnU90EgWh1Rz+MC9eFu4BuN/UwZjKQuY/1v3rM7HMfg==
  dependencies:
    define-data-property "^1.1.4"
    es-errors "^1.3.0"
    function-bind "^1.1.2"
    get-intrinsic "^1.2.4"
    gopd "^1.0.1"
    has-property-descriptors "^1.0.2"

shallow-clone@^0.1.2:
  version "0.1.2"
  resolved "https://registry.npmmirror.com/shallow-clone/-/shallow-clone-0.1.2.tgz#5909e874ba77106d73ac414cfec1ffca87d97060"
  integrity sha512-J1zdXCky5GmNnuauESROVu31MQSnLoYvlyEn6j2Ztk6Q5EHFIhxkMhYcv6vuDzl2XEzoRr856QwzMgWM/TmZgw==
  dependencies:
    is-extendable "^0.1.1"
    kind-of "^2.0.1"
    lazy-cache "^0.2.3"
    mixin-object "^2.0.1"

side-channel@^1.0.6:
  version "1.0.6"
  resolved "https://registry.npmmirror.com/side-channel/-/side-channel-1.0.6.tgz#abd25fb7cd24baf45466406b1096b7831c9215f2"
  integrity sha512-fDW/EZ6Q9RiO8eFG8Hj+7u/oW+XrPTIChwCOM2+th2A6OblDtYYIpve9m+KvI9Z4C9qSEXlaGR6bTEYHReuglA==
  dependencies:
    call-bind "^1.0.7"
    es-errors "^1.3.0"
    get-intrinsic "^1.2.4"
    object-inspect "^1.13.1"

smart-buffer@^4.2.0:
  version "4.2.0"
  resolved "https://registry.npmmirror.com/smart-buffer/-/smart-buffer-4.2.0.tgz#6e1d71fa4f18c05f7d0ff216dd16a481d0e8d9ae"
  integrity sha512-94hK0Hh8rPqQl2xXc3HsaBoOXKV20MToPkcXvwbISWLEs+64sBq5kFgn2kJDHb1Pry9yrP0dxrCI9RRci7RXKg==

socks-proxy-agent@^8.0.3:
  version "8.0.3"
  resolved "https://registry.npmmirror.com/socks-proxy-agent/-/socks-proxy-agent-8.0.3.tgz#6b2da3d77364fde6292e810b496cb70440b9b89d"
  integrity sha512-VNegTZKhuGq5vSD6XNKlbqWhyt/40CgoEw8XxD6dhnm8Jq9IEa3nIa4HwnM8XOqU0CdB0BwWVXusqiFXfHB3+A==
  dependencies:
    agent-base "^7.1.1"
    debug "^4.3.4"
    socks "^2.7.1"

socks@^2.7.1, socks@^2.8.3:
  version "2.8.3"
  resolved "https://registry.npmmirror.com/socks/-/socks-2.8.3.tgz#1ebd0f09c52ba95a09750afe3f3f9f724a800cb5"
  integrity sha512-l5x7VUUWbjVFbafGLxPWkYsHIhEvmF85tbIeFZWc8ZPtoMyybuEhL7Jye/ooC4/d48FgOjSJXgsF/AJPYCW8Zw==
  dependencies:
    ip-address "^9.0.5"
    smart-buffer "^4.2.0"

sprintf-js@^1.1.3:
  version "1.1.3"
  resolved "https://registry.npmmirror.com/sprintf-js/-/sprintf-js-1.1.3.tgz#4914b903a2f8b685d17fdf78a70e917e872e444a"
  integrity sha512-Oo+0REFV59/rz3gfJNKQiBlwfHaSESl1pcGyABQsnnIfWOFt6JNj5gCog2U6MLZ//IGYD+nA8nI+mTShREReaA==

string-convert@^0.2.0:
  version "0.2.1"
  resolved "https://registry.npmmirror.com/string-convert/-/string-convert-0.2.1.tgz#6982cc3049fbb4cd85f8b24568b9d9bf39eeff97"
  integrity sha512-u/1tdPl4yQnPBjnVrmdLo9gtuLvELKsAoRapekWggdiQNvvvum+jYF329d84NAa660KQw7pB2n36KrIKVoXa3A==

stylis@^4.0.13:
  version "4.3.2"
  resolved "https://registry.npmmirror.com/stylis/-/stylis-4.3.2.tgz#8f76b70777dd53eb669c6f58c997bf0a9972e444"
  integrity sha512-bhtUjWd/z6ltJiQwg0dUfxEJ+W+jdqQd8TbWLWyeIJHlnsqmGLRFFd8e5mA0AZi/zx90smXRlN66YMTcaSFifg==

throttle-debounce@^5.0.0:
  version "5.0.0"
  resolved "https://registry.npmmirror.com/throttle-debounce/-/throttle-debounce-5.0.0.tgz#a17a4039e82a2ed38a5e7268e4132d6960d41933"
  integrity sha512-2iQTSgkkc1Zyk0MeVrt/3BvuOXYPl/R8Z0U2xxo9rjwNciaHDG3R+Lm6dh4EeUci49DanvBnuqI6jshoQQRGEg==

toggle-selection@^1.0.6:
  version "1.0.6"
  resolved "https://registry.npmmirror.com/toggle-selection/-/toggle-selection-1.0.6.tgz#6e45b1263f2017fa0acc7d89d78b15b8bf77da32"
  integrity sha512-BiZS+C1OS8g/q2RRbJmy59xpyghNBqrr6k5L/uKBGRsTfxmu3ffiRnd8mlGPUVayg8pvfi5urfnu8TU7DVOkLQ==

tslib@^2.3.1:
  version "2.6.2"
  resolved "https://registry.npmmirror.com/tslib/-/tslib-2.6.2.tgz#703ac29425e7b37cd6fd456e92404d46d1f3e4ae"
  integrity sha512-AEYxH93jGFPn/a2iVAwW87VuUIkR1FVUKB77NwMF7nBTDkDrrT/Hpt/IrCJ0QXhW27jTBDcf5ZY7w6RiqTMw2Q==

universalify@^2.0.0:
  version "2.0.1"
  resolved "https://registry.npmmirror.com/universalify/-/universalify-2.0.1.tgz#168efc2180964e6386d061e094df61afe239b18d"
  integrity sha512-gptHNQghINnc/vTGIk0SOFGFNXw7JVrlRUtConJRlvaw6DuX0wO5Jeko9sWrMBhh+PsYAZ7oXAiOnf/UKogyiw==

url@^0.11.3:
  version "0.11.3"
  resolved "https://registry.npmmirror.com/url/-/url-0.11.3.tgz#6f495f4b935de40ce4a0a52faee8954244f3d3ad"
  integrity sha512-6hxOLGfZASQK/cijlZnZJTq8OXAkt/3YGfQX45vvMYXpZoo8NdWZcY73K108Jf759lS1Bv/8wXnHDTSz17dSRw==
  dependencies:
    punycode "^1.4.1"
    qs "^6.11.2"

wrappy@1:
  version "1.0.2"
  resolved "https://registry.npmmirror.com/wrappy/-/wrappy-1.0.2.tgz#b5243d8f3ec1aa35f1364605bc0d1036e30ab69f"
  integrity sha512-l4Sp/DRseor9wL6EvV2+TuQn63dMkPjZ/sp9XkghTEbV9KlPS1xUsZ3u7/IQO4wxtcFB4bgpQPRcR3QCvezPcQ==
